[[package]]
category = "main"
description = "Composable style cycles"
name = "cycler"
optional = false
python-versions = "*"
version = "0.10.0"

[package.dependencies]
six = "*"

[[package]]
category = "main"
description = "Lightweight pipelining: using Python functions as pipeline jobs."
name = "joblib"
optional = false
python-versions = "*"
version = "0.14.1"

[[package]]
category = "main"
description = "A fast implementation of the Cassowary constraint solver"
name = "kiwisolver"
optional = false
python-versions = ">=3.6"
version = "1.2.0"

[[package]]
category = "main"
description = "Python plotting package"
name = "matplotlib"
optional = false
python-versions = ">=3.6"
version = "3.1.0"

[package.dependencies]
cycler = ">=0.10"
kiwisolver = ">=1.0.1"
numpy = ">=1.11"
pyparsing = ">=2.0.1,<2.0.4 || >2.0.4,<2.1.2 || >2.1.2,<2.1.6 || >2.1.6"
python-dateutil = ">=2.1"

[[package]]
category = "main"
description = "NumPy is the fundamental package for array computing with Python."
name = "numpy"
optional = false
python-versions = ">=2.7,!=3.0.*,!=3.1.*,!=3.2.*,!=3.3.*"
version = "1.16.4"

[[package]]
category = "main"
description = "Powerful data structures for data analysis, time series, and statistics"
name = "pandas"
optional = false
python-versions = ">=3.6.1"
version = "1.1.1"

[package.dependencies]
numpy = ">=1.15.4"
python-dateutil = ">=2.7.3"
pytz = ">=2017.2"

[package.extras]
test = ["pytest (>=4.0.2)", "pytest-xdist", "hypothesis (>=3.58)"]

[[package]]
category = "main"
description = "Python parsing module"
name = "pyparsing"
optional = false
python-versions = ">=2.6, !=3.0.*, !=3.1.*, !=3.2.*"
version = "2.4.7"

[[package]]
category = "main"
description = "Extensions to the standard Python datetime module"
name = "python-dateutil"
optional = false
python-versions = "!=3.0.*,!=3.1.*,!=3.2.*,>=2.7"
version = "2.8.1"

[package.dependencies]
six = ">=1.5"

[[package]]
category = "main"
description = "World timezone definitions, modern and historical"
name = "pytz"
optional = false
python-versions = "*"
version = "2020.1"

[[package]]
category = "main"
description = "A set of python modules for machine learning and data mining"
name = "scikit-learn"
optional = false
python-versions = ">=3.5"
version = "0.22.1"

[package.dependencies]
joblib = ">=0.11"
numpy = ">=1.11.0"
scipy = ">=0.17.0"

[package.extras]
alldeps = ["numpy (>=1.11.0)", "scipy (>=0.17.0)"]

[[package]]
category = "main"
description = "SciPy: Scientific Library for Python"
name = "scipy"
optional = false
python-versions = ">=3.5"
version = "1.3.2"

[package.dependencies]
numpy = ">=1.13.3"

[[package]]
category = "main"
description = "Python 2 and 3 compatibility utilities"
name = "six"
optional = false
python-versions = ">=2.7, !=3.0.*, !=3.1.*, !=3.2.*"
version = "1.15.0"

[[package]]
category = "main"
description = "Fast, Extensible Progress Meter"
name = "tqdm"
optional = false
python-versions = "*"
version = "4.15.0"

[metadata]
content-hash = "cbbf3a3837cee769d83c23edec4fd652163da8d638f43fca415d06c476c4b519"
python-versions = "^3.6.10"

[metadata.files]
cycler = [
    {file = "cycler-0.10.0-py2.py3-none-any.whl", hash = "sha256:1d8a5ae1ff6c5cf9b93e8811e581232ad8920aeec647c37316ceac982b08cb2d"},
    {file = "cycler-0.10.0.tar.gz", hash = "sha256:cd7b2d1018258d7247a71425e9f26463dfb444d411c39569972f4ce586b0c9d8"},
]
joblib = [
    {file = "joblib-0.14.1-py2.py3-none-any.whl", hash = "sha256:bdb4fd9b72915ffb49fde2229ce482dd7ae79d842ed8c2b4c932441495af1403"},
    {file = "joblib-0.14.1.tar.gz", hash = "sha256:0630eea4f5664c463f23fbf5dcfc54a2bc6168902719fa8e19daf033022786c8"},
]
kiwisolver = [
    {file = "kiwisolver-1.2.0-cp36-cp36m-macosx_10_9_x86_64.whl", hash = "sha256:443c2320520eda0a5b930b2725b26f6175ca4453c61f739fef7a5847bd262f74"},
    {file = "kiwisolver-1.2.0-cp36-cp36m-manylinux1_i686.whl", hash = "sha256:efcf3397ae1e3c3a4a0a0636542bcad5adad3b1dd3e8e629d0b6e201347176c8"},
    {file = "kiwisolver-1.2.0-cp36-cp36m-manylinux1_x86_64.whl", hash = "sha256:fccefc0d36a38c57b7bd233a9b485e2f1eb71903ca7ad7adacad6c28a56d62d2"},
    {file = "kiwisolver-1.2.0-cp36-none-win32.whl", hash = "sha256:60a78858580761fe611d22127868f3dc9f98871e6fdf0a15cc4203ed9ba6179b"},
    {file = "kiwisolver-1.2.0-cp36-none-win_amd64.whl", hash = "sha256:556da0a5f60f6486ec4969abbc1dd83cf9b5c2deadc8288508e55c0f5f87d29c"},
    {file = "kiwisolver-1.2.0-cp37-cp37m-macosx_10_9_x86_64.whl", hash = "sha256:7cc095a4661bdd8a5742aaf7c10ea9fac142d76ff1770a0f84394038126d8fc7"},
    {file = "kiwisolver-1.2.0-cp37-cp37m-manylinux1_i686.whl", hash = "sha256:c955791d80e464da3b471ab41eb65cf5a40c15ce9b001fdc5bbc241170de58ec"},
    {file = "kiwisolver-1.2.0-cp37-cp37m-manylinux1_x86_64.whl", hash = "sha256:603162139684ee56bcd57acc74035fceed7dd8d732f38c0959c8bd157f913fec"},
    {file = "kiwisolver-1.2.0-cp37-none-win32.whl", hash = "sha256:03662cbd3e6729f341a97dd2690b271e51a67a68322affab12a5b011344b973c"},
    {file = "kiwisolver-1.2.0-cp37-none-win_amd64.whl", hash = "sha256:4eadb361baf3069f278b055e3bb53fa189cea2fd02cb2c353b7a99ebb4477ef1"},
    {file = "kiwisolver-1.2.0-cp38-cp38-macosx_10_9_x86_64.whl", hash = "sha256:c31bc3c8e903d60a1ea31a754c72559398d91b5929fcb329b1c3a3d3f6e72113"},
    {file = "kiwisolver-1.2.0-cp38-cp38-manylinux1_i686.whl", hash = "sha256:d52b989dc23cdaa92582ceb4af8d5bcc94d74b2c3e64cd6785558ec6a879793e"},
    {file = "kiwisolver-1.2.0-cp38-cp38-manylinux1_x86_64.whl", hash = "sha256:e586b28354d7b6584d8973656a7954b1c69c93f708c0c07b77884f91640b7657"},
    {file = "kiwisolver-1.2.0-cp38-none-win32.whl", hash = "sha256:d069ef4b20b1e6b19f790d00097a5d5d2c50871b66d10075dab78938dc2ee2cf"},
    {file = "kiwisolver-1.2.0-cp38-none-win_amd64.whl", hash = "sha256:18d749f3e56c0480dccd1714230da0f328e6e4accf188dd4e6884bdd06bf02dd"},
    {file = "kiwisolver-1.2.0.tar.gz", hash = "sha256:247800260cd38160c362d211dcaf4ed0f7816afb5efe56544748b21d6ad6d17f"},
]
matplotlib = [
    {file = "matplotlib-3.1.0-cp36-cp36m-macosx_10_6_intel.macosx_10_9_intel.macosx_10_9_x86_64.macosx_10_10_intel.macosx_10_10_x86_64.whl", hash = "sha256:409a5894efb810d630d2512449c7a4394de9a4d15fc6394e26a409b17d9cc18c"},
    {file = "matplotlib-3.1.0-cp36-cp36m-manylinux1_x86_64.whl", hash = "sha256:5c5ef5cf1bc8f483123102e2615644937af7d4c01d100acc72bf74a044a78717"},
    {file = "matplotlib-3.1.0-cp36-cp36m-win32.whl", hash = "sha256:399bf6352633aeeb45ca55c6c943fa2738022fb17ae498c32a142ced0b41528d"},
    {file = "matplotlib-3.1.0-cp36-cp36m-win_amd64.whl", hash = "sha256:f3d8b6bccc577e4e5ecbd58fdd63cacb8e58f0ed1e97616a7f7a7baaf4b8d036"},
    {file = "matplotlib-3.1.0-cp37-cp37m-macosx_10_6_intel.macosx_10_9_intel.macosx_10_9_x86_64.macosx_10_10_intel.macosx_10_10_x86_64.whl", hash = "sha256:08d9bc2e2acef42965256acd5015dc2c899cbd53e01bf4214c5510c7ea0efd2d"},
    {file = "matplotlib-3.1.0-cp37-cp37m-manylinux1_x86_64.whl", hash = "sha256:d0052be5cdfa27018bb08194b8812c47cb985d60eb682e1809c76e9600839516"},
    {file = "matplotlib-3.1.0-cp37-cp37m-win32.whl", hash = "sha256:e7d6620d145ca9f6c3e88248e5734b6fda430e75e70755b887e48f8e9bc1de2a"},
    {file = "matplotlib-3.1.0-cp37-cp37m-win_amd64.whl", hash = "sha256:1f31053f660df5f0310118d7f5bd1e8025170e9773f0bebe8fec486d0926adf6"},
    {file = "matplotlib-3.1.0.tar.gz", hash = "sha256:1e0213f87cc0076f7b0c4c251d7e23601e2419cd98691df79edb95517ba06f0c"},
]
numpy = [
    {file = "numpy-1.16.4-cp27-cp27m-macosx_10_6_intel.macosx_10_9_intel.macosx_10_9_x86_64.macosx_10_10_intel.macosx_10_10_x86_64.whl", hash = "sha256:b5554368e4ede1856121b0dfa35ce71768102e4aa55e526cb8de7f374ff78722"},
    {file = "numpy-1.16.4-cp27-cp27m-manylinux1_i686.whl", hash = "sha256:e8baab1bc7c9152715844f1faca6744f2416929de10d7639ed49555a85549f52"},
    {file = "numpy-1.16.4-cp27-cp27m-manylinux1_x86_64.whl", hash = "sha256:2a04dda79606f3d2f760384c38ccd3d5b9bb79d4c8126b67aff5eb09a253763e"},
    {file = "numpy-1.16.4-cp27-cp27m-win32.whl", hash = "sha256:94f5bd885f67bbb25c82d80184abbf7ce4f6c3c3a41fbaa4182f034bba803e69"},
    {file = "numpy-1.16.4-cp27-cp27m-win_amd64.whl", hash = "sha256:7dc253b542bfd4b4eb88d9dbae4ca079e7bf2e2afd819ee18891a43db66c60c7"},
    {file = "numpy-1.16.4-cp27-cp27mu-manylinux1_i686.whl", hash = "sha256:0778076e764e146d3078b17c24c4d89e0ecd4ac5401beff8e1c87879043a0633"},
    {file = "numpy-1.16.4-cp27-cp27mu-manylinux1_x86_64.whl", hash = "sha256:b0348be89275fd1d4c44ffa39530c41a21062f52299b1e3ee7d1c61f060044b8"},
    {file = "numpy-1.16.4-cp35-cp35m-macosx_10_6_intel.macosx_10_9_intel.macosx_10_9_x86_64.macosx_10_10_intel.macosx_10_10_x86_64.whl", hash = "sha256:52c40f1a4262c896420c6ea1c6fda62cf67070e3947e3307f5562bd783a90336"},
    {file = "numpy-1.16.4-cp35-cp35m-manylinux1_i686.whl", hash = "sha256:141c7102f20abe6cf0d54c4ced8d565b86df4d3077ba2343b61a6db996cefec7"},
    {file = "numpy-1.16.4-cp35-cp35m-manylinux1_x86_64.whl", hash = "sha256:6e4f8d9e8aa79321657079b9ac03f3cf3fd067bf31c1cca4f56d49543f4356a5"},
    {file = "numpy-1.16.4-cp35-cp35m-win32.whl", hash = "sha256:d79f18f41751725c56eceab2a886f021d70fd70a6188fd386e29a045945ffc10"},
    {file = "numpy-1.16.4-cp35-cp35m-win_amd64.whl", hash = "sha256:14270a1ee8917d11e7753fb54fc7ffd1934f4d529235beec0b275e2ccf00333b"},
    {file = "numpy-1.16.4-cp36-cp36m-macosx_10_6_intel.macosx_10_9_intel.macosx_10_9_x86_64.macosx_10_10_intel.macosx_10_10_x86_64.whl", hash = "sha256:a89e188daa119ffa0d03ce5123dee3f8ffd5115c896c2a9d4f0dbb3d8b95bfa3"},
    {file = "numpy-1.16.4-cp36-cp36m-manylinux1_i686.whl", hash = "sha256:ec31fe12668af687b99acf1567399632a7c47b0e17cfb9ae47c098644ef36797"},
    {file = "numpy-1.16.4-cp36-cp36m-manylinux1_x86_64.whl", hash = "sha256:27e11c7a8ec9d5838bc59f809bfa86efc8a4fd02e58960fa9c49d998e14332d5"},
    {file = "numpy-1.16.4-cp36-cp36m-win32.whl", hash = "sha256:dc2ca26a19ab32dc475dbad9dfe723d3a64c835f4c23f625c2b6566ca32b9f29"},
    {file = "numpy-1.16.4-cp36-cp36m-win_amd64.whl", hash = "sha256:ad3399da9b0ca36e2f24de72f67ab2854a62e623274607e37e0ce5f5d5fa9166"},
    {file = "numpy-1.16.4-cp37-cp37m-macosx_10_6_intel.macosx_10_9_intel.macosx_10_9_x86_64.macosx_10_10_intel.macosx_10_10_x86_64.whl", hash = "sha256:f58ac38d5ca045a377b3b377c84df8175ab992c970a53332fa8ac2373df44ff7"},
    {file = "numpy-1.16.4-cp37-cp37m-manylinux1_i686.whl", hash = "sha256:f12b4f7e2d8f9da3141564e6737d79016fe5336cc92de6814eba579744f65b0a"},
    {file = "numpy-1.16.4-cp37-cp37m-manylinux1_x86_64.whl", hash = "sha256:cbddc56b2502d3f87fda4f98d948eb5b11f36ff3902e17cb6cc44727f2200525"},
    {file = "numpy-1.16.4-cp37-cp37m-win32.whl", hash = "sha256:3c26010c1b51e1224a3ca6b8df807de6e95128b0908c7e34f190e7775455b0ca"},
    {file = "numpy-1.16.4-cp37-cp37m-win_amd64.whl", hash = "sha256:dd9bcd4f294eb0633bb33d1a74febdd2b9018b8b8ed325f861fffcd2c7660bb8"},
    {file = "numpy-1.16.4.zip", hash = "sha256:7242be12a58fec245ee9734e625964b97cf7e3f2f7d016603f9e56660ce479c7"},
]
pandas = [
    {file = "pandas-1.1.1-cp36-cp36m-macosx_10_9_x86_64.whl", hash = "sha256:8c9ec12c480c4d915e23ee9c8a2d8eba8509986f35f307771045c1294a2e5b73"},
    {file = "pandas-1.1.1-cp36-cp36m-manylinux1_i686.whl", hash = "sha256:e4b6c98f45695799990da328e6fd7d6187be32752ed64c2f22326ad66762d179"},
    {file = "pandas-1.1.1-cp36-cp36m-manylinux1_x86_64.whl", hash = "sha256:16ae070c47474008769fc443ac765ffd88c3506b4a82966e7a605592978896f9"},
    {file = "pandas-1.1.1-cp36-cp36m-win32.whl", hash = "sha256:88930c74f69e97b17703600233c0eaf1f4f4dd10c14633d522724c5c1b963ec4"},
    {file = "pandas-1.1.1-cp36-cp36m-win_amd64.whl", hash = "sha256:fe6f1623376b616e03d51f0dd95afd862cf9a33c18cf55ce0ed4bbe1c4444391"},
    {file = "pandas-1.1.1-cp37-cp37m-macosx_10_9_x86_64.whl", hash = "sha256:a81c4bf9c59010aa3efddbb6b9fc84a9b76dc0b4da2c2c2d50f06a9ef6ac0004"},
    {file = "pandas-1.1.1-cp37-cp37m-manylinux1_i686.whl", hash = "sha256:1acc2bd7fc95e5408a4456897c2c2a1ae7c6acefe108d90479ab6d98d34fcc3d"},
    {file = "pandas-1.1.1-cp37-cp37m-manylinux1_x86_64.whl", hash = "sha256:84c101d0f7bbf0d9f1be9a2f29f6fcc12415442558d067164e50a56edfb732b4"},
    {file = "pandas-1.1.1-cp37-cp37m-win32.whl", hash = "sha256:391db82ebeb886143b96b9c6c6166686c9a272d00020e4e39ad63b792542d9e2"},
    {file = "pandas-1.1.1-cp37-cp37m-win_amd64.whl", hash = "sha256:0366150fe8ee37ef89a45d3093e05026b5f895e42bbce3902ce3b6427f1b8471"},
    {file = "pandas-1.1.1-cp38-cp38-macosx_10_9_x86_64.whl", hash = "sha256:d9644ac996149b2a51325d48d77e25c911e01aa6d39dc1b64be679cd71f683ec"},
    {file = "pandas-1.1.1-cp38-cp38-manylinux1_i686.whl", hash = "sha256:41675323d4fcdd15abde068607cad150dfe17f7d32290ee128e5fea98442bd09"},
    {file = "pandas-1.1.1-cp38-cp38-manylinux1_x86_64.whl", hash = "sha256:0246c67cbaaaac8d25fed8d4cf2d8897bd858f0e540e8528a75281cee9ac516d"},
    {file = "pandas-1.1.1-cp38-cp38-win32.whl", hash = "sha256:01b1e536eb960822c5e6b58357cad8c4b492a336f4a5630bf0b598566462a578"},
    {file = "pandas-1.1.1-cp38-cp38-win_amd64.whl", hash = "sha256:57c5f6be49259cde8e6f71c2bf240a26b071569cabc04c751358495d09419e56"},
    {file = "pandas-1.1.1.tar.gz", hash = "sha256:53328284a7bb046e2e885fd1b8c078bd896d7fc4575b915d4936f54984a2ba67"},
]
pyparsing = [
    {file = "pyparsing-2.4.7-py2.py3-none-any.whl", hash = "sha256:ef9d7589ef3c200abe66653d3f1ab1033c3c419ae9b9bdb1240a85b024efc88b"},
    {file = "pyparsing-2.4.7.tar.gz", hash = "sha256:c203ec8783bf771a155b207279b9bccb8dea02d8f0c9e5f8ead507bc3246ecc1"},
]
python-dateutil = [
    {file = "python-dateutil-2.8.1.tar.gz", hash = "sha256:73ebfe9dbf22e832286dafa60473e4cd239f8592f699aa5adaf10050e6e1823c"},
    {file = "python_dateutil-2.8.1-py2.py3-none-any.whl", hash = "sha256:75bb3f31ea686f1197762692a9ee6a7550b59fc6ca3a1f4b5d7e32fb98e2da2a"},
]
pytz = [
    {file = "pytz-2020.1-py2.py3-none-any.whl", hash = "sha256:a494d53b6d39c3c6e44c3bec237336e14305e4f29bbf800b599253057fbb79ed"},
    {file = "pytz-2020.1.tar.gz", hash = "sha256:c35965d010ce31b23eeb663ed3cc8c906275d6be1a34393a1d73a41febf4a048"},
]
scikit-learn = [
    {file = "scikit-learn-0.22.1.tar.gz", hash = "sha256:51ee25330fc244107588545c70e2f3570cfc4017cff09eed69d6e1d82a212b7d"},
    {file = "scikit_learn-0.22.1-cp35-cp35m-macosx_10_6_intel.whl", hash = "sha256:6fad30299ef3dd103871ad1235b445fd5d2df47c424746eaf3c50fbc99c49cef"},
    {file = "scikit_learn-0.22.1-cp35-cp35m-manylinux1_i686.whl", hash = "sha256:28033cb7b50b8a6c3762cddd41dc7e5449347dedfa353409a576082e76309d09"},
    {file = "scikit_learn-0.22.1-cp35-cp35m-manylinux1_x86_64.whl", hash = "sha256:d92b81615854504c27063e0970aed37e644eea5991444558c8aca8fadc1483b3"},
    {file = "scikit_learn-0.22.1-cp35-cp35m-win32.whl", hash = "sha256:13b9ac18d48c051dfea32783067f2e45552e45852b88f3bccdb5c72fa56df3fe"},
    {file = "scikit_learn-0.22.1-cp35-cp35m-win_amd64.whl", hash = "sha256:956a68772df02342af129e8bbe858b3053745c36beb6351a13641e3b56e0df23"},
    {file = "scikit_learn-0.22.1-cp36-cp36m-macosx_10_6_intel.whl", hash = "sha256:f18ae2abc09cb94a171840829a8132dda7267c941eb431387a6014f943946825"},
    {file = "scikit_learn-0.22.1-cp36-cp36m-manylinux1_i686.whl", hash = "sha256:ebdf03b6e7f784e360ab26cf400cd2125d650c0903ef11086c0a3f2b4b07e603"},
    {file = "scikit_learn-0.22.1-cp36-cp36m-manylinux1_x86_64.whl", hash = "sha256:80eec2f54cc7f51c5abb743f09506e009ba2b95bf6fb0e554aa0d8959b680003"},
    {file = "scikit_learn-0.22.1-cp36-cp36m-win32.whl", hash = "sha256:93001af23b0f1e68d93447f9d56bad631d4fc28eafd78b09469fb55aeff715b1"},
    {file = "scikit_learn-0.22.1-cp36-cp36m-win_amd64.whl", hash = "sha256:671874343a0b33bc0dbcae4af0b9a77c55b8132b33887fbfe086681c3f010840"},
    {file = "scikit_learn-0.22.1-cp37-cp37m-macosx_10_6_intel.whl", hash = "sha256:7f1cdfd3c5e9d0951e273f49bb25bd9886537ab77e2273502b8676c3105828ae"},
    {file = "scikit_learn-0.22.1-cp37-cp37m-manylinux1_i686.whl", hash = "sha256:1e0cb60dae75da9e72d38569d18bbad5008777defd23585035a1314a01af966c"},
    {file = "scikit_learn-0.22.1-cp37-cp37m-manylinux1_x86_64.whl", hash = "sha256:96e1365ba285903e493b1e9505b533171c852f7069d038dcc3395ece952fdc78"},
    {file = "scikit_learn-0.22.1-cp37-cp37m-win32.whl", hash = "sha256:06c9816249b9664ef1b04ad6a5d4dfe0c4017c584858c4e658861c2ac5eb4f31"},
    {file = "scikit_learn-0.22.1-cp37-cp37m-win_amd64.whl", hash = "sha256:d92ed650c32db013f66bba63af4922bd7a9b8c5802d4ee292332e504e567bd4a"},
    {file = "scikit_learn-0.22.1-cp38-cp38-macosx_10_9_x86_64.whl", hash = "sha256:571476fbb826c87ad300a5aad0238c14a590ab7df5cb823ee19ac077bf13b5f4"},
    {file = "scikit_learn-0.22.1-cp38-cp38-manylinux1_i686.whl", hash = "sha256:2d35ece66767dd197d020940b1dab3be92ddbb1c96aaef0936d9c4369d544d69"},
    {file = "scikit_learn-0.22.1-cp38-cp38-manylinux1_x86_64.whl", hash = "sha256:bacc63185520d9eb295d79fa62c388fd7145783920a1fb113451a0b294994cad"},
    {file = "scikit_learn-0.22.1-cp38-cp38-win32.whl", hash = "sha256:5e0b5bebfd8bd8ab89b58c44acb95ddcc9439b23c875ed597842991cafc18b62"},
    {file = "scikit_learn-0.22.1-cp38-cp38-win_amd64.whl", hash = "sha256:12ec6b2821a0b4d1b7cbe0e5d6387e64e25e6ec8cfef058b276a14509c3a537b"},
]
scipy = [
    {file = "scipy-1.3.2-cp35-cp35m-macosx_10_6_intel.whl", hash = "sha256:7a0477929e6f9d5928fe81fe75d00b7da9545a49109e66028d85848b18aeef99"},
    {file = "scipy-1.3.2-cp35-cp35m-manylinux1_i686.whl", hash = "sha256:0f81e71149539ac09053a3f9165659367b060eceef3bbde11e6600e1c341f1f2"},
    {file = "scipy-1.3.2-cp35-cp35m-manylinux1_x86_64.whl", hash = "sha256:ecfd45ca0ce1d6c13bef17794b4052cc9a9574f4be8d44c9bcfd7e34294bd2d7"},
    {file = "scipy-1.3.2-cp35-cp35m-win32.whl", hash = "sha256:ee5888c62cd83c9bf9927ffcee08434e7d5c81a8f31e5b85af5470e511022c08"},
    {file = "scipy-1.3.2-cp35-cp35m-win_amd64.whl", hash = "sha256:07673b5b96dbe28c88f3a53ca9af67f802aa853de7402e31f473b4dd6501c799"},
    {file = "scipy-1.3.2-cp36-cp36m-macosx_10_6_intel.whl", hash = "sha256:2e4b5fdb635dd425bf46fbd6381612692d3c795f1eb6fe62410305a440691d46"},
    {file = "scipy-1.3.2-cp36-cp36m-manylinux1_i686.whl", hash = "sha256:4ad7a3ae9831d2085d6f50b81bfcd76368293eafdf31f4ac9f109c6061309c24"},
    {file = "scipy-1.3.2-cp36-cp36m-manylinux1_x86_64.whl", hash = "sha256:df4dbd3d40db3f667e0145dba5f50954bf28b2dd5b8b400c79d5e3fe8cb67ce2"},
    {file = "scipy-1.3.2-cp36-cp36m-win32.whl", hash = "sha256:470d8fc76ccab6cfff60a9de4ce316a23ee7f63615d948c7446dc7c1bb45042d"},
    {file = "scipy-1.3.2-cp36-cp36m-win_amd64.whl", hash = "sha256:f018892621b787b9abf76d51d1f0c21611c71752ebb1891ccf7992e0bf973708"},
    {file = "scipy-1.3.2-cp37-cp37m-macosx_10_6_intel.whl", hash = "sha256:34c48d922760782732d6f8f4532e320984d1280763c6787c6582021d34c8ad79"},
    {file = "scipy-1.3.2-cp37-cp37m-manylinux1_i686.whl", hash = "sha256:33ac3213ee617bbc0eac84d02b130d69093ed7738afb281dfdeb12a9dbdf1530"},
    {file = "scipy-1.3.2-cp37-cp37m-manylinux1_x86_64.whl", hash = "sha256:9c3221039da50f3b60da70b65d6b020ea26cefbb097116cfec696010432d1f6c"},
    {file = "scipy-1.3.2-cp37-cp37m-win32.whl", hash = "sha256:2dc26e5b3eb86b7adad506b6b04020f6a87e1102c9acd039e937d28bdcee7fa6"},
    {file = "scipy-1.3.2-cp37-cp37m-win_amd64.whl", hash = "sha256:0359576d8cc058bd615999cf985e2423dc6cc824666d60e8b8d4810569a04655"},
    {file = "scipy-1.3.2-cp38-cp38-macosx_10_9_x86_64.whl", hash = "sha256:e837c8068bd1929a533e9d51562faf6584ddb5303d9e218d8c11aa4719dcd617"},
    {file = "scipy-1.3.2-cp38-cp38-manylinux1_i686.whl", hash = "sha256:61812a7db0d9bc3f13653e52b8ddb1935cf444ec55f39160fc2778aeb2719057"},
    {file = "scipy-1.3.2-cp38-cp38-manylinux1_x86_64.whl", hash = "sha256:3f556f63e070e9596624e42e99d23b259d8f0fc63ec093bef97a9f1c579565b2"},
    {file = "scipy-1.3.2-cp38-cp38-win32.whl", hash = "sha256:125aa82f7b3d4bd7f77fed6c3c6e31be47e33f129d829799569389ae59f913e7"},
    {file = "scipy-1.3.2-cp38-cp38-win_amd64.whl", hash = "sha256:f2d5db81d90d14a32d4aff920f52fca5639bcaaaf87b4f61bce83a1d238f49fc"},
    {file = "scipy-1.3.2.tar.gz", hash = "sha256:a03939b431994289f39373c57bbe452974a7da724ae7f9620a1beee575434da4"},
]
six = [
    {file = "six-1.15.0-py2.py3-none-any.whl", hash = "sha256:8b74bedcbbbaca38ff6d7491d76f2b06b3592611af620f8426e82dddb04a5ced"},
    {file = "six-1.15.0.tar.gz", hash = "sha256:30639c035cdb23534cd4aa2dd52c3bf48f06e5f4a941509c8bafd8ce11080259"},
]
tqdm = [
    {file = "tqdm-4.15.0-py2.py3-none-any.whl", hash = "sha256:9f019dcbec25b5b4cb1bbf43e5c346e0d6a001fe4f598d70283d379e5314e202"},
    {file = "tqdm-4.15.0.tar.gz", hash = "sha256:6ec1dc74efacf2cda936b4a6cf4082ce224c76763bdec9f17e437c8cfcaa9953"},
]
